
Microsoft Visual Studio Solution File, Format Version 12.00
# Visual Studio Version 16
VisualStudioVersion = 16.0.31129.286
MinimumVisualStudioVersion = 10.0.40219.1
Project("{9A19103F-16F7-4668-BE54-9A1E7A4F7556}") = "HSE.Domain", "HSE.Domain\HSE.Domain.csproj", "{E12F552E-E3AB-4C5A-90DA-B9BF108E9967}"
EndProject
Project("{9A19103F-16F7-4668-BE54-9A1E7A4F7556}") = "HSE.DAL", "HSE.DAL\HSE.DAL.csproj", "{B482C20E-AD9A-422B-ABC7-F2F1EC012E74}"
EndProject
Project("{FAE04EC0-301F-11D3-BF4B-00C04F79EFBC}") = "HSE.Business", "HSE.Business\HSE.Business.csproj", "{7AF80D1E-D9CA-43A8-B5D1-1886B7545479}"
EndProject
Project("{FAE04EC0-301F-11D3-BF4B-00C04F79EFBC}") = "HSE.WebUI", "HSE.WebUI\HSE.WebUI.csproj", "{A26FDAA6-B8C7-4D90-B937-2FDCF513973C}"
EndProject
Global
	GlobalSection(SolutionConfigurationPlatforms) = preSolution
		Debug|Any CPU = Debug|Any CPU
		Release|Any CPU = Release|Any CPU
	EndGlobalSection
	GlobalSection(ProjectConfigurationPlatforms) = postSolution
		{E12F552E-E3AB-4C5A-90DA-B9BF108E9967}.Debug|Any CPU.ActiveCfg = Debug|Any CPU
		{E12F552E-E3AB-4C5A-90DA-B9BF108E9967}.Debug|Any CPU.Build.0 = Debug|Any CPU
		{E12F552E-E3AB-4C5A-90DA-B9BF108E9967}.Release|Any CPU.ActiveCfg = Release|Any CPU
		{E12F552E-E3AB-4C5A-90DA-B9BF108E9967}.Release|Any CPU.Build.0 = Release|Any CPU
		{B482C20E-AD9A-422B-ABC7-F2F1EC012E74}.Debug|Any CPU.ActiveCfg = Debug|Any CPU
		{B482C20E-AD9A-422B-ABC7-F2F1EC012E74}.Debug|Any CPU.Build.0 = Debug|Any CPU
		{B482C20E-AD9A-422B-ABC7-F2F1EC012E74}.Release|Any CPU.ActiveCfg = Release|Any CPU
		{B482C20E-AD9A-422B-ABC7-F2F1EC012E74}.Release|Any CPU.Build.0 = Release|Any CPU
		{7AF80D1E-D9CA-43A8-B5D1-1886B7545479}.Debug|Any CPU.ActiveCfg = Debug|Any CPU
		{7AF80D1E-D9CA-43A8-B5D1-1886B7545479}.Debug|Any CPU.Build.0 = Debug|Any CPU
		{7AF80D1E-D9CA-43A8-B5D1-1886B7545479}.Release|Any CPU.ActiveCfg = Release|Any CPU
		{7AF80D1E-D9CA-43A8-B5D1-1886B7545479}.Release|Any CPU.Build.0 = Release|Any CPU
		{A26FDAA6-B8C7-4D90-B937-2FDCF513973C}.Debug|Any CPU.ActiveCfg = Debug|Any CPU
		{A26FDAA6-B8C7-4D90-B937-2FDCF513973C}.Debug|Any CPU.Build.0 = Debug|Any CPU
		{A26FDAA6-B8C7-4D90-B937-2FDCF513973C}.Release|Any CPU.ActiveCfg = Release|Any CPU
		{A26FDAA6-B8C7-4D90-B937-2FDCF513973C}.Release|Any CPU.Build.0 = Release|Any CPU
	EndGlobalSection
	GlobalSection(SolutionProperties) = preSolution
		HideSolutionNode = FALSE
	EndGlobalSection
	GlobalSection(ExtensibilityGlobals) = postSolution
		SolutionGuid = {A00BF8C6-58B7-47F8-89C6-37E9867F727E}
	EndGlobalSection
EndGlobal
